
Microsoft Visual Studio Solution File, Format Version 12.00
# Visual Studio Version 18
VisualStudioVersion = 18.3.11222.16
MinimumVisualStudioVersion = 10.0.40219.1
Project("{FAE04EC0-301F-11D3-BF4B-00C04F79EFBC}") = "Chronicis.Client", "src\Chronicis.Client\Chronicis.Client.csproj", "{A1B2C3D4-E5F6-7890-ABCD-EF1234567890}"
EndProject
Project("{FAE04EC0-301F-11D3-BF4B-00C04F79EFBC}") = "Chronicis.Api", "src\Chronicis.Api\Chronicis.Api.csproj", "{B2C3D4E5-F678-90AB-CDEF-123456789012}"
EndProject
Project("{FAE04EC0-301F-11D3-BF4B-00C04F79EFBC}") = "Chronicis.Shared", "src\Chronicis.Shared\Chronicis.Shared.csproj", "{C3D4E5F6-7890-ABCD-EF12-34567890ABCD}"
EndProject
Project("{FAE04EC0-301F-11D3-BF4B-00C04F79EFBC}") = "Chronicis.CaptureApp", "src\Chronicis.CaptureApp\Chronicis.CaptureApp.csproj", "{9DB5E161-E6B5-278E-6003-FE74DB7AF1EA}"
EndProject
Project("{2150E333-8FDC-42A3-9474-1A3956D46DE8}") = "Docs", "Docs", "{3E26473A-43AA-4F76-8A23-6F98B4605688}"
	ProjectSection(SolutionItems) = preProject
		docs\ARCHITECTURE.md = docs\ARCHITECTURE.md
		docs\CHANGELOG.md = docs\CHANGELOG.md
		docs\Chronicis Feature Specification.pdf = docs\Chronicis Feature Specification.pdf
		docs\Chronicis Style Guide.pdf = docs\Chronicis Style Guide.pdf
		docs\ChronicisPlatformSpec.md.pdf = docs\ChronicisPlatformSpec.md.pdf
		docs\Chronicis_Implementation_Plan.md = docs\Chronicis_Implementation_Plan.md
		docs\Feature Ideas.md = docs\Feature Ideas.md
		docs\features-bugs.md = docs\features-bugs.md
		docs\FEATURES.md = docs\FEATURES.md
		global.json = global.json
		docs\logo.png = docs\logo.png
		docs\QUICK-START.md = docs\QUICK-START.md
		docs\ScreenshotDemo.png = docs\ScreenshotDemo.png
		docs\STATUS.md = docs\STATUS.md
	EndProjectSection
EndProject
Project("{2150E333-8FDC-42A3-9474-1A3956D46DE8}") = "src", "src", "{827E0CD3-B72D-47B6-A68D-7590B98EB39B}"
EndProject
Project("{FAE04EC0-301F-11D3-BF4B-00C04F79EFBC}") = "Chronicis.Client.Host", "src\Chronicis.Client.Host\Chronicis.Client.Host.csproj", "{D5098F19-37F9-4A1F-9FE8-6185CA4DAB13}"
EndProject
Global
	GlobalSection(SolutionConfigurationPlatforms) = preSolution
		Debug|Any CPU = Debug|Any CPU
		Debug|x64 = Debug|x64
		Debug|x86 = Debug|x86
		Release|Any CPU = Release|Any CPU
		Release|x64 = Release|x64
		Release|x86 = Release|x86
	EndGlobalSection
	GlobalSection(ProjectConfigurationPlatforms) = postSolution
		{A1B2C3D4-E5F6-7890-ABCD-EF1234567890}.Debug|Any CPU.ActiveCfg = Debug|Any CPU
		{A1B2C3D4-E5F6-7890-ABCD-EF1234567890}.Debug|Any CPU.Build.0 = Debug|Any CPU
		{A1B2C3D4-E5F6-7890-ABCD-EF1234567890}.Debug|x64.ActiveCfg = Debug|Any CPU
		{A1B2C3D4-E5F6-7890-ABCD-EF1234567890}.Debug|x64.Build.0 = Debug|Any CPU
		{A1B2C3D4-E5F6-7890-ABCD-EF1234567890}.Debug|x86.ActiveCfg = Debug|Any CPU
		{A1B2C3D4-E5F6-7890-ABCD-EF1234567890}.Debug|x86.Build.0 = Debug|Any CPU
		{A1B2C3D4-E5F6-7890-ABCD-EF1234567890}.Release|Any CPU.ActiveCfg = Release|Any CPU
		{A1B2C3D4-E5F6-7890-ABCD-EF1234567890}.Release|Any CPU.Build.0 = Release|Any CPU
		{A1B2C3D4-E5F6-7890-ABCD-EF1234567890}.Release|x64.ActiveCfg = Release|Any CPU
		{A1B2C3D4-E5F6-7890-ABCD-EF1234567890}.Release|x64.Build.0 = Release|Any CPU
		{A1B2C3D4-E5F6-7890-ABCD-EF1234567890}.Release|x86.ActiveCfg = Release|Any CPU
		{A1B2C3D4-E5F6-7890-ABCD-EF1234567890}.Release|x86.Build.0 = Release|Any CPU
		{B2C3D4E5-F678-90AB-CDEF-123456789012}.Debug|Any CPU.ActiveCfg = Debug|Any CPU
		{B2C3D4E5-F678-90AB-CDEF-123456789012}.Debug|Any CPU.Build.0 = Debug|Any CPU
		{B2C3D4E5-F678-90AB-CDEF-123456789012}.Debug|x64.ActiveCfg = Debug|Any CPU
		{B2C3D4E5-F678-90AB-CDEF-123456789012}.Debug|x64.Build.0 = Debug|Any CPU
		{B2C3D4E5-F678-90AB-CDEF-123456789012}.Debug|x86.ActiveCfg = Debug|Any CPU
		{B2C3D4E5-F678-90AB-CDEF-123456789012}.Debug|x86.Build.0 = Debug|Any CPU
		{B2C3D4E5-F678-90AB-CDEF-123456789012}.Release|Any CPU.ActiveCfg = Release|Any CPU
		{B2C3D4E5-F678-90AB-CDEF-123456789012}.Release|Any CPU.Build.0 = Release|Any CPU
		{B2C3D4E5-F678-90AB-CDEF-123456789012}.Release|x64.ActiveCfg = Release|Any CPU
		{B2C3D4E5-F678-90AB-CDEF-123456789012}.Release|x64.Build.0 = Release|Any CPU
		{B2C3D4E5-F678-90AB-CDEF-123456789012}.Release|x86.ActiveCfg = Release|Any CPU
		{B2C3D4E5-F678-90AB-CDEF-123456789012}.Release|x86.Build.0 = Release|Any CPU
		{C3D4E5F6-7890-ABCD-EF12-34567890ABCD}.Debug|Any CPU.ActiveCfg = Debug|Any CPU
		{C3D4E5F6-7890-ABCD-EF12-34567890ABCD}.Debug|Any CPU.Build.0 = Debug|Any CPU
		{C3D4E5F6-7890-ABCD-EF12-34567890ABCD}.Debug|x64.ActiveCfg = Debug|Any CPU
		{C3D4E5F6-7890-ABCD-EF12-34567890ABCD}.Debug|x64.Build.0 = Debug|Any CPU
		{C3D4E5F6-7890-ABCD-EF12-34567890ABCD}.Debug|x86.ActiveCfg = Debug|Any CPU
		{C3D4E5F6-7890-ABCD-EF12-34567890ABCD}.Debug|x86.Build.0 = Debug|Any CPU
		{C3D4E5F6-7890-ABCD-EF12-34567890ABCD}.Release|Any CPU.ActiveCfg = Release|Any CPU
		{C3D4E5F6-7890-ABCD-EF12-34567890ABCD}.Release|Any CPU.Build.0 = Release|Any CPU
		{C3D4E5F6-7890-ABCD-EF12-34567890ABCD}.Release|x64.ActiveCfg = Release|Any CPU
		{C3D4E5F6-7890-ABCD-EF12-34567890ABCD}.Release|x64.Build.0 = Release|Any CPU
		{C3D4E5F6-7890-ABCD-EF12-34567890ABCD}.Release|x86.ActiveCfg = Release|Any CPU
		{C3D4E5F6-7890-ABCD-EF12-34567890ABCD}.Release|x86.Build.0 = Release|Any CPU
		{9DB5E161-E6B5-278E-6003-FE74DB7AF1EA}.Debug|Any CPU.ActiveCfg = Debug|Any CPU
		{9DB5E161-E6B5-278E-6003-FE74DB7AF1EA}.Debug|Any CPU.Build.0 = Debug|Any CPU
		{9DB5E161-E6B5-278E-6003-FE74DB7AF1EA}.Debug|x64.ActiveCfg = Debug|Any CPU
		{9DB5E161-E6B5-278E-6003-FE74DB7AF1EA}.Debug|x64.Build.0 = Debug|Any CPU
		{9DB5E161-E6B5-278E-6003-FE74DB7AF1EA}.Debug|x86.ActiveCfg = Debug|Any CPU
		{9DB5E161-E6B5-278E-6003-FE74DB7AF1EA}.Debug|x86.Build.0 = Debug|Any CPU
		{9DB5E161-E6B5-278E-6003-FE74DB7AF1EA}.Release|Any CPU.ActiveCfg = Release|Any CPU
		{9DB5E161-E6B5-278E-6003-FE74DB7AF1EA}.Release|Any CPU.Build.0 = Release|Any CPU
		{9DB5E161-E6B5-278E-6003-FE74DB7AF1EA}.Release|x64.ActiveCfg = Release|Any CPU
		{9DB5E161-E6B5-278E-6003-FE74DB7AF1EA}.Release|x64.Build.0 = Release|Any CPU
		{9DB5E161-E6B5-278E-6003-FE74DB7AF1EA}.Release|x86.ActiveCfg = Release|Any CPU
		{9DB5E161-E6B5-278E-6003-FE74DB7AF1EA}.Release|x86.Build.0 = Release|Any CPU
		{D5098F19-37F9-4A1F-9FE8-6185CA4DAB13}.Debug|Any CPU.ActiveCfg = Debug|Any CPU
		{D5098F19-37F9-4A1F-9FE8-6185CA4DAB13}.Debug|Any CPU.Build.0 = Debug|Any CPU
		{D5098F19-37F9-4A1F-9FE8-6185CA4DAB13}.Debug|x64.ActiveCfg = Debug|Any CPU
		{D5098F19-37F9-4A1F-9FE8-6185CA4DAB13}.Debug|x64.Build.0 = Debug|Any CPU
		{D5098F19-37F9-4A1F-9FE8-6185CA4DAB13}.Debug|x86.ActiveCfg = Debug|Any CPU
		{D5098F19-37F9-4A1F-9FE8-6185CA4DAB13}.Debug|x86.Build.0 = Debug|Any CPU
		{D5098F19-37F9-4A1F-9FE8-6185CA4DAB13}.Release|Any CPU.ActiveCfg = Release|Any CPU
		{D5098F19-37F9-4A1F-9FE8-6185CA4DAB13}.Release|Any CPU.Build.0 = Release|Any CPU
		{D5098F19-37F9-4A1F-9FE8-6185CA4DAB13}.Release|x64.ActiveCfg = Release|Any CPU
		{D5098F19-37F9-4A1F-9FE8-6185CA4DAB13}.Release|x64.Build.0 = Release|Any CPU
		{D5098F19-37F9-4A1F-9FE8-6185CA4DAB13}.Release|x86.ActiveCfg = Release|Any CPU
		{D5098F19-37F9-4A1F-9FE8-6185CA4DAB13}.Release|x86.Build.0 = Release|Any CPU
	EndGlobalSection
	GlobalSection(SolutionProperties) = preSolution
		HideSolutionNode = FALSE
	EndGlobalSection
	GlobalSection(NestedProjects) = preSolution
		{D5098F19-37F9-4A1F-9FE8-6185CA4DAB13} = {827E0CD3-B72D-47B6-A68D-7590B98EB39B}
	EndGlobalSection
	GlobalSection(ExtensibilityGlobals) = postSolution
		SolutionGuid = {97CE9E10-88C7-4F27-85CB-8C97BF8C6EC2}
	EndGlobalSection
EndGlobal
