
Microsoft Visual Studio Solution File, Format Version 12.00
# Visual Studio Version 17
VisualStudioVersion = 17.0.31903.59
MinimumVisualStudioVersion = 10.0.40219.1
Project("{2150E333-8FDC-42A3-9474-1A3956D46DE8}") = "src", "src", "{827E0CD3-B72D-47B6-A68D-7590B98EB39B}"
EndProject
Project("{FAE04EC0-301F-11D3-BF4B-00C04F79EFBC}") = "Chronicis.Api", "src\Chronicis.Api\Chronicis.Api.csproj", "{7A599E1D-939D-47A5-B6CA-D53D05D04531}"
EndProject
Project("{FAE04EC0-301F-11D3-BF4B-00C04F79EFBC}") = "Chronicis.Client.Host", "src\Chronicis.Client.Host\Chronicis.Client.Host.csproj", "{5B0035D6-735D-4C4E-97C5-BE2B2A039583}"
EndProject
Project("{FAE04EC0-301F-11D3-BF4B-00C04F79EFBC}") = "Chronicis.Client", "src\Chronicis.Client\Chronicis.Client.csproj", "{D9976654-3E59-454E-9094-00AFC8C21984}"
EndProject
Project("{FAE04EC0-301F-11D3-BF4B-00C04F79EFBC}") = "Chronicis.Shared", "src\Chronicis.Shared\Chronicis.Shared.csproj", "{0CDFFF1A-E44A-4CAB-A5A3-2D4D1A8CE633}"
EndProject
Project("{2150E333-8FDC-42A3-9474-1A3956D46DE8}") = "tests", "tests", "{0AB3BF05-4346-4AA6-1389-037BE0695223}"
EndProject
Project("{FAE04EC0-301F-11D3-BF4B-00C04F79EFBC}") = "Chronicis.Api.Tests", "tests\Chronicis.Api.Tests\Chronicis.Api.Tests.csproj", "{07CFC0E4-67E9-49A8-B494-F665229E68BF}"
EndProject
Project("{FAE04EC0-301F-11D3-BF4B-00C04F79EFBC}") = "Chronicis.Client.Tests", "tests\Chronicis.Client.Tests\Chronicis.Client.Tests.csproj", "{BCE2AD07-F0FC-48E1-B36D-AE2B601B97B6}"
EndProject
Project("{FAE04EC0-301F-11D3-BF4B-00C04F79EFBC}") = "Chronicis.Shared.Tests", "tests\Chronicis.Shared.Tests\Chronicis.Shared.Tests.csproj", "{FAAEA92E-D0B5-412E-B670-17DBCBEBF3DD}"
EndProject
Project("{FAE04EC0-301F-11D3-BF4B-00C04F79EFBC}") = "Chronicis.ArchitecturalTests", "tests\Chronicis.ArchitecturalTests\Chronicis.ArchitecturalTests.csproj", "{6CF78F81-3825-4027-9096-0CF8ED32B7B5}"
EndProject
Global
	GlobalSection(SolutionConfigurationPlatforms) = preSolution
		Debug|Any CPU = Debug|Any CPU
		Debug|x64 = Debug|x64
		Debug|x86 = Debug|x86
		Release|Any CPU = Release|Any CPU
		Release|x64 = Release|x64
		Release|x86 = Release|x86
	EndGlobalSection
	GlobalSection(ProjectConfigurationPlatforms) = postSolution
		{7A599E1D-939D-47A5-B6CA-D53D05D04531}.Debug|Any CPU.ActiveCfg = Debug|Any CPU
		{7A599E1D-939D-47A5-B6CA-D53D05D04531}.Debug|Any CPU.Build.0 = Debug|Any CPU
		{7A599E1D-939D-47A5-B6CA-D53D05D04531}.Debug|x64.ActiveCfg = Debug|Any CPU
		{7A599E1D-939D-47A5-B6CA-D53D05D04531}.Debug|x64.Build.0 = Debug|Any CPU
		{7A599E1D-939D-47A5-B6CA-D53D05D04531}.Debug|x86.ActiveCfg = Debug|Any CPU
		{7A599E1D-939D-47A5-B6CA-D53D05D04531}.Debug|x86.Build.0 = Debug|Any CPU
		{7A599E1D-939D-47A5-B6CA-D53D05D04531}.Release|Any CPU.ActiveCfg = Release|Any CPU
		{7A599E1D-939D-47A5-B6CA-D53D05D04531}.Release|Any CPU.Build.0 = Release|Any CPU
		{7A599E1D-939D-47A5-B6CA-D53D05D04531}.Release|x64.ActiveCfg = Release|Any CPU
		{7A599E1D-939D-47A5-B6CA-D53D05D04531}.Release|x64.Build.0 = Release|Any CPU
		{7A599E1D-939D-47A5-B6CA-D53D05D04531}.Release|x86.ActiveCfg = Release|Any CPU
		{7A599E1D-939D-47A5-B6CA-D53D05D04531}.Release|x86.Build.0 = Release|Any CPU
		{5B0035D6-735D-4C4E-97C5-BE2B2A039583}.Debug|Any CPU.ActiveCfg = Debug|Any CPU
		{5B0035D6-735D-4C4E-97C5-BE2B2A039583}.Debug|Any CPU.Build.0 = Debug|Any CPU
		{5B0035D6-735D-4C4E-97C5-BE2B2A039583}.Debug|x64.ActiveCfg = Debug|Any CPU
		{5B0035D6-735D-4C4E-97C5-BE2B2A039583}.Debug|x64.Build.0 = Debug|Any CPU
		{5B0035D6-735D-4C4E-97C5-BE2B2A039583}.Debug|x86.ActiveCfg = Debug|Any CPU
		{5B0035D6-735D-4C4E-97C5-BE2B2A039583}.Debug|x86.Build.0 = Debug|Any CPU
		{5B0035D6-735D-4C4E-97C5-BE2B2A039583}.Release|Any CPU.ActiveCfg = Release|Any CPU
		{5B0035D6-735D-4C4E-97C5-BE2B2A039583}.Release|Any CPU.Build.0 = Release|Any CPU
		{5B0035D6-735D-4C4E-97C5-BE2B2A039583}.Release|x64.ActiveCfg = Release|Any CPU
		{5B0035D6-735D-4C4E-97C5-BE2B2A039583}.Release|x64.Build.0 = Release|Any CPU
		{5B0035D6-735D-4C4E-97C5-BE2B2A039583}.Release|x86.ActiveCfg = Release|Any CPU
		{5B0035D6-735D-4C4E-97C5-BE2B2A039583}.Release|x86.Build.0 = Release|Any CPU
		{D9976654-3E59-454E-9094-00AFC8C21984}.Debug|Any CPU.ActiveCfg = Debug|Any CPU
		{D9976654-3E59-454E-9094-00AFC8C21984}.Debug|Any CPU.Build.0 = Debug|Any CPU
		{D9976654-3E59-454E-9094-00AFC8C21984}.Debug|x64.ActiveCfg = Debug|Any CPU
		{D9976654-3E59-454E-9094-00AFC8C21984}.Debug|x64.Build.0 = Debug|Any CPU
		{D9976654-3E59-454E-9094-00AFC8C21984}.Debug|x86.ActiveCfg = Debug|Any CPU
		{D9976654-3E59-454E-9094-00AFC8C21984}.Debug|x86.Build.0 = Debug|Any CPU
		{D9976654-3E59-454E-9094-00AFC8C21984}.Release|Any CPU.ActiveCfg = Release|Any CPU
		{D9976654-3E59-454E-9094-00AFC8C21984}.Release|Any CPU.Build.0 = Release|Any CPU
		{D9976654-3E59-454E-9094-00AFC8C21984}.Release|x64.ActiveCfg = Release|Any CPU
		{D9976654-3E59-454E-9094-00AFC8C21984}.Release|x64.Build.0 = Release|Any CPU
		{D9976654-3E59-454E-9094-00AFC8C21984}.Release|x86.ActiveCfg = Release|Any CPU
		{D9976654-3E59-454E-9094-00AFC8C21984}.Release|x86.Build.0 = Release|Any CPU
		{0CDFFF1A-E44A-4CAB-A5A3-2D4D1A8CE633}.Debug|Any CPU.ActiveCfg = Debug|Any CPU
		{0CDFFF1A-E44A-4CAB-A5A3-2D4D1A8CE633}.Debug|Any CPU.Build.0 = Debug|Any CPU
		{0CDFFF1A-E44A-4CAB-A5A3-2D4D1A8CE633}.Debug|x64.ActiveCfg = Debug|Any CPU
		{0CDFFF1A-E44A-4CAB-A5A3-2D4D1A8CE633}.Debug|x64.Build.0 = Debug|Any CPU
		{0CDFFF1A-E44A-4CAB-A5A3-2D4D1A8CE633}.Debug|x86.ActiveCfg = Debug|Any CPU
		{0CDFFF1A-E44A-4CAB-A5A3-2D4D1A8CE633}.Debug|x86.Build.0 = Debug|Any CPU
		{0CDFFF1A-E44A-4CAB-A5A3-2D4D1A8CE633}.Release|Any CPU.ActiveCfg = Release|Any CPU
		{0CDFFF1A-E44A-4CAB-A5A3-2D4D1A8CE633}.Release|Any CPU.Build.0 = Release|Any CPU
		{0CDFFF1A-E44A-4CAB-A5A3-2D4D1A8CE633}.Release|x64.ActiveCfg = Release|Any CPU
		{0CDFFF1A-E44A-4CAB-A5A3-2D4D1A8CE633}.Release|x64.Build.0 = Release|Any CPU
		{0CDFFF1A-E44A-4CAB-A5A3-2D4D1A8CE633}.Release|x86.ActiveCfg = Release|Any CPU
		{0CDFFF1A-E44A-4CAB-A5A3-2D4D1A8CE633}.Release|x86.Build.0 = Release|Any CPU
		{07CFC0E4-67E9-49A8-B494-F665229E68BF}.Debug|Any CPU.ActiveCfg = Debug|Any CPU
		{07CFC0E4-67E9-49A8-B494-F665229E68BF}.Debug|Any CPU.Build.0 = Debug|Any CPU
		{07CFC0E4-67E9-49A8-B494-F665229E68BF}.Debug|x64.ActiveCfg = Debug|Any CPU
		{07CFC0E4-67E9-49A8-B494-F665229E68BF}.Debug|x64.Build.0 = Debug|Any CPU
		{07CFC0E4-67E9-49A8-B494-F665229E68BF}.Debug|x86.ActiveCfg = Debug|Any CPU
		{07CFC0E4-67E9-49A8-B494-F665229E68BF}.Debug|x86.Build.0 = Debug|Any CPU
		{07CFC0E4-67E9-49A8-B494-F665229E68BF}.Release|Any CPU.ActiveCfg = Release|Any CPU
		{07CFC0E4-67E9-49A8-B494-F665229E68BF}.Release|Any CPU.Build.0 = Release|Any CPU
		{07CFC0E4-67E9-49A8-B494-F665229E68BF}.Release|x64.ActiveCfg = Release|Any CPU
		{07CFC0E4-67E9-49A8-B494-F665229E68BF}.Release|x64.Build.0 = Release|Any CPU
		{07CFC0E4-67E9-49A8-B494-F665229E68BF}.Release|x86.ActiveCfg = Release|Any CPU
		{07CFC0E4-67E9-49A8-B494-F665229E68BF}.Release|x86.Build.0 = Release|Any CPU
		{BCE2AD07-F0FC-48E1-B36D-AE2B601B97B6}.Debug|Any CPU.ActiveCfg = Debug|Any CPU
		{BCE2AD07-F0FC-48E1-B36D-AE2B601B97B6}.Debug|Any CPU.Build.0 = Debug|Any CPU
		{BCE2AD07-F0FC-48E1-B36D-AE2B601B97B6}.Debug|x64.ActiveCfg = Debug|Any CPU
		{BCE2AD07-F0FC-48E1-B36D-AE2B601B97B6}.Debug|x64.Build.0 = Debug|Any CPU
		{BCE2AD07-F0FC-48E1-B36D-AE2B601B97B6}.Debug|x86.ActiveCfg = Debug|Any CPU
		{BCE2AD07-F0FC-48E1-B36D-AE2B601B97B6}.Debug|x86.Build.0 = Debug|Any CPU
		{BCE2AD07-F0FC-48E1-B36D-AE2B601B97B6}.Release|Any CPU.ActiveCfg = Release|Any CPU
		{BCE2AD07-F0FC-48E1-B36D-AE2B601B97B6}.Release|Any CPU.Build.0 = Release|Any CPU
		{BCE2AD07-F0FC-48E1-B36D-AE2B601B97B6}.Release|x64.ActiveCfg = Release|Any CPU
		{BCE2AD07-F0FC-48E1-B36D-AE2B601B97B6}.Release|x64.Build.0 = Release|Any CPU
		{BCE2AD07-F0FC-48E1-B36D-AE2B601B97B6}.Release|x86.ActiveCfg = Release|Any CPU
		{BCE2AD07-F0FC-48E1-B36D-AE2B601B97B6}.Release|x86.Build.0 = Release|Any CPU
		{FAAEA92E-D0B5-412E-B670-17DBCBEBF3DD}.Debug|Any CPU.ActiveCfg = Debug|Any CPU
		{FAAEA92E-D0B5-412E-B670-17DBCBEBF3DD}.Debug|Any CPU.Build.0 = Debug|Any CPU
		{FAAEA92E-D0B5-412E-B670-17DBCBEBF3DD}.Debug|x64.ActiveCfg = Debug|Any CPU
		{FAAEA92E-D0B5-412E-B670-17DBCBEBF3DD}.Debug|x64.Build.0 = Debug|Any CPU
		{FAAEA92E-D0B5-412E-B670-17DBCBEBF3DD}.Debug|x86.ActiveCfg = Debug|Any CPU
		{FAAEA92E-D0B5-412E-B670-17DBCBEBF3DD}.Debug|x86.Build.0 = Debug|Any CPU
		{FAAEA92E-D0B5-412E-B670-17DBCBEBF3DD}.Release|Any CPU.ActiveCfg = Release|Any CPU
		{FAAEA92E-D0B5-412E-B670-17DBCBEBF3DD}.Release|Any CPU.Build.0 = Release|Any CPU
		{FAAEA92E-D0B5-412E-B670-17DBCBEBF3DD}.Release|x64.ActiveCfg = Release|Any CPU
		{FAAEA92E-D0B5-412E-B670-17DBCBEBF3DD}.Release|x64.Build.0 = Release|Any CPU
		{FAAEA92E-D0B5-412E-B670-17DBCBEBF3DD}.Release|x86.ActiveCfg = Release|Any CPU
		{FAAEA92E-D0B5-412E-B670-17DBCBEBF3DD}.Release|x86.Build.0 = Release|Any CPU
		{6CF78F81-3825-4027-9096-0CF8ED32B7B5}.Debug|Any CPU.ActiveCfg = Debug|Any CPU
		{6CF78F81-3825-4027-9096-0CF8ED32B7B5}.Debug|Any CPU.Build.0 = Debug|Any CPU
		{6CF78F81-3825-4027-9096-0CF8ED32B7B5}.Debug|x64.ActiveCfg = Debug|Any CPU
		{6CF78F81-3825-4027-9096-0CF8ED32B7B5}.Debug|x64.Build.0 = Debug|Any CPU
		{6CF78F81-3825-4027-9096-0CF8ED32B7B5}.Debug|x86.ActiveCfg = Debug|Any CPU
		{6CF78F81-3825-4027-9096-0CF8ED32B7B5}.Debug|x86.Build.0 = Debug|Any CPU
		{6CF78F81-3825-4027-9096-0CF8ED32B7B5}.Release|Any CPU.ActiveCfg = Release|Any CPU
		{6CF78F81-3825-4027-9096-0CF8ED32B7B5}.Release|Any CPU.Build.0 = Release|Any CPU
		{6CF78F81-3825-4027-9096-0CF8ED32B7B5}.Release|x64.ActiveCfg = Release|Any CPU
		{6CF78F81-3825-4027-9096-0CF8ED32B7B5}.Release|x64.Build.0 = Release|Any CPU
		{6CF78F81-3825-4027-9096-0CF8ED32B7B5}.Release|x86.ActiveCfg = Release|Any CPU
		{6CF78F81-3825-4027-9096-0CF8ED32B7B5}.Release|x86.Build.0 = Release|Any CPU
	EndGlobalSection
	GlobalSection(SolutionProperties) = preSolution
		HideSolutionNode = FALSE
	EndGlobalSection
	GlobalSection(NestedProjects) = preSolution
		{7A599E1D-939D-47A5-B6CA-D53D05D04531} = {827E0CD3-B72D-47B6-A68D-7590B98EB39B}
		{5B0035D6-735D-4C4E-97C5-BE2B2A039583} = {827E0CD3-B72D-47B6-A68D-7590B98EB39B}
		{D9976654-3E59-454E-9094-00AFC8C21984} = {827E0CD3-B72D-47B6-A68D-7590B98EB39B}
		{0CDFFF1A-E44A-4CAB-A5A3-2D4D1A8CE633} = {827E0CD3-B72D-47B6-A68D-7590B98EB39B}
		{07CFC0E4-67E9-49A8-B494-F665229E68BF} = {0AB3BF05-4346-4AA6-1389-037BE0695223}
		{BCE2AD07-F0FC-48E1-B36D-AE2B601B97B6} = {0AB3BF05-4346-4AA6-1389-037BE0695223}
		{FAAEA92E-D0B5-412E-B670-17DBCBEBF3DD} = {0AB3BF05-4346-4AA6-1389-037BE0695223}
		{6CF78F81-3825-4027-9096-0CF8ED32B7B5} = {0AB3BF05-4346-4AA6-1389-037BE0695223}
	EndGlobalSection
EndGlobal
